# This file is autogenerated, do not edit; changes may be undone by the next 'dep ensure'.


[[projects]]
  digest = "1:76dc72490af7174349349838f2fe118996381b31ea83243812a97e5a0fd5ed55"
  name = "github.com/dgrijalva/jwt-go"
  packages = ["."]
  pruneopts = "UT"
  revision = "06ea1031745cb8b3dab3f6a236daf2b0aa468b7e"
  version = "v3.2.0"

[[projects]]
  digest = "1:ecd73c8c5c5e48f9079e042ae733c3f3ab021218d6c4da3411d82727fd5a412a"
  name = "github.com/golang/protobuf"
  packages = [
    "proto",
    "ptypes",
    "ptypes/any",
    "ptypes/duration",
    "ptypes/timestamp",
  ]
  pruneopts = "UT"
  revision = "84668698ea25b64748563aa20726db66a6b8d299"
  version = "v1.3.5"

[[projects]]
  branch = "master"
  digest = "1:2fd9da74a849a4dc8d3be2f3a965f2800c0d510af9acbee5e3c4bc6587c6f84b"
  name = "github.com/graph-gophers/graphql-go"
  packages = [
    ".",
    "errors",
    "internal/common",
    "internal/exec",
    "internal/exec/packer",
    "internal/exec/resolvable",
    "internal/exec/selected",
    "internal/query",
    "internal/schema",
    "internal/validation",
    "introspection",
    "log",
    "relay",
    "trace",
  ]
  pruneopts = "UT"
  revision = "dae41bde9ef91c12e78863f0299348612f2d6214"

[[projects]]
  digest = "1:e996a77861d36e7df59ff14b260d81cfb724cac46c4178fff6b82d0e592a0b33"
  name = "github.com/idzharbae/marketplace-backend"
  packages = [
    "svc/auth/authproto",
    "svc/catalog/catalogproto",
    "svc/resources/protoresources",
    "svc/transaction/prototransaction",
  ]
  pruneopts = "UT"
  revision = "2915e7a3826fb5c54811e62c62f3e8cb1f92d0d5"
  version = "proto_v7.0"

[[projects]]
  digest = "1:11e62d6050198055e6cd87ed57e5d8c669e84f839c16e16f192374d913d1a70d"
  name = "github.com/opentracing/opentracing-go"
  packages = [
    ".",
    "ext",
    "log",
  ]
  pruneopts = "UT"
  revision = "659c90643e714681897ec2521c60567dd21da733"
  version = "v1.1.0"

[[projects]]
  branch = "master"
  digest = "1:55282373a58040c97c06188e3bcd276f4a68d794c5934f2af0336c9133acbfb1"
  name = "github.com/smithaitufe/go-graphql-upload"
  packages = ["."]
  pruneopts = "UT"
  revision = "6442a1320276fdd1f4e651d532016c183da717b4"

[[projects]]
  branch = "master"
  digest = "1:44aef16f8aa5ec350bbb9e5acdabf2239b1d25e8b891133e2377e2c3b37091ce"
  name = "golang.org/x/net"
  packages = [
    "http/httpguts",
    "http2",
    "http2/hpack",
    "idna",
    "internal/timeseries",
    "trace",
  ]
  pruneopts = "UT"
  revision = "118fecf932d8fea033f3b7aca66fba22cfdd517d"

[[projects]]
  branch = "master"
  digest = "1:8b163cc073aac41680c1ce438eae6b046f04511952e60c3cff2915033fe6f58b"
  name = "golang.org/x/sys"
  packages = ["unix"]
  pruneopts = "UT"
  revision = "85ca7c5b95cdf1e557abb38a283d1e61a5959c31"

[[projects]]
  digest = "1:8d8faad6b12a3a4c819a3f9618cb6ee1fa1cfc33253abeeea8b55336721e3405"
  name = "golang.org/x/text"
  packages = [
    "collate",
    "collate/build",
    "internal/colltab",
    "internal/gen",
    "internal/language",
    "internal/language/compact",
    "internal/tag",
    "internal/triegen",
    "internal/ucd",
    "language",
    "secure/bidirule",
    "transform",
    "unicode/bidi",
    "unicode/cldr",
    "unicode/norm",
    "unicode/rangetable",
  ]
  pruneopts = "UT"
  revision = "342b2e1fbaa52c93f31447ad2c6abc048c63e475"
  version = "v0.3.2"

[[projects]]
  branch = "master"
  digest = "1:1c2a9b5021f7fe23a6f880468633f407f8b600a67e29b10f1892ae4425085820"
  name = "google.golang.org/genproto"
  packages = ["googleapis/rpc/status"]
  pruneopts = "UT"
  revision = "3f67cca344726c97b3e8e967f95b8041980129bd"

[[projects]]
  digest = "1:67bc54ebd7e6ed4a5a646aed9a8cb3b24b96a5e0abeee04f9e1c252a1cb345d4"
  name = "google.golang.org/grpc"
  packages = [
    ".",
    "attributes",
    "backoff",
    "balancer",
    "balancer/base",
    "balancer/roundrobin",
    "binarylog/grpc_binarylog_v1",
    "codes",
    "connectivity",
    "credentials",
    "credentials/internal",
    "encoding",
    "encoding/proto",
    "grpclog",
    "internal",
    "internal/backoff",
    "internal/balancerload",
    "internal/binarylog",
    "internal/buffer",
    "internal/channelz",
    "internal/envconfig",
    "internal/grpclog",
    "internal/grpcrand",
    "internal/grpcsync",
    "internal/grpcutil",
    "internal/resolver/dns",
    "internal/resolver/passthrough",
    "internal/syscall",
    "internal/transport",
    "keepalive",
    "metadata",
    "naming",
    "peer",
    "resolver",
    "serviceconfig",
    "stats",
    "status",
    "tap",
  ]
  pruneopts = "UT"
  revision = "142182889d38b76209f1d9f1d8e91d7608aff542"
  version = "v1.28.0"

[solve-meta]
  analyzer-name = "dep"
  analyzer-version = 1
  input-imports = [
    "github.com/dgrijalva/jwt-go",
    "github.com/graph-gophers/graphql-go",
    "github.com/graph-gophers/graphql-go/relay",
    "github.com/idzharbae/marketplace-backend/svc/auth/authproto",
    "github.com/idzharbae/marketplace-backend/svc/catalog/catalogproto",
    "github.com/idzharbae/marketplace-backend/svc/resources/protoresources",
    "github.com/idzharbae/marketplace-backend/svc/transaction/prototransaction",
    "github.com/smithaitufe/go-graphql-upload",
    "google.golang.org/grpc",
  ]
  solver-name = "gps-cdcl"
  solver-version = 1
